
Microsoft Visual Studio Solution File, Format Version 12.00
# Visual Studio Version 16
VisualStudioVersion = 16.0.30128.74
MinimumVisualStudioVersion = 10.0.40219.1
Project("{FAE04EC0-301F-11D3-BF4B-00C04F79EFBC}") = "TestCSharp", "TestCSharp\TestCSharp.csproj", "{003EE5A8-63F2-4FC5-996B-8F27BC28F89C}"
EndProject
Project("{F2A71F9B-5D33-465A-A702-920D77279786}") = "TestFSharp", "TestFSharp\TestFSharp.fsproj", "{5C1F9843-0A33-418F-84EF-B965E2499E4D}"
EndProject
Global
	GlobalSection(SolutionConfigurationPlatforms) = preSolution
		Debug|Any CPU = Debug|Any CPU
		Release|Any CPU = Release|Any CPU
	EndGlobalSection
	GlobalSection(ProjectConfigurationPlatforms) = postSolution
		{003EE5A8-63F2-4FC5-996B-8F27BC28F89C}.Debug|Any CPU.ActiveCfg = Debug|Any CPU
		{003EE5A8-63F2-4FC5-996B-8F27BC28F89C}.Debug|Any CPU.Build.0 = Debug|Any CPU
		{003EE5A8-63F2-4FC5-996B-8F27BC28F89C}.Release|Any CPU.ActiveCfg = Release|Any CPU
		{003EE5A8-63F2-4FC5-996B-8F27BC28F89C}.Release|Any CPU.Build.0 = Release|Any CPU
		{5C1F9843-0A33-418F-84EF-B965E2499E4D}.Debug|Any CPU.ActiveCfg = Debug|Any CPU
		{5C1F9843-0A33-418F-84EF-B965E2499E4D}.Debug|Any CPU.Build.0 = Debug|Any CPU
		{5C1F9843-0A33-418F-84EF-B965E2499E4D}.Release|Any CPU.ActiveCfg = Release|Any CPU
		{5C1F9843-0A33-418F-84EF-B965E2499E4D}.Release|Any CPU.Build.0 = Release|Any CPU
	EndGlobalSection
	GlobalSection(SolutionProperties) = preSolution
		HideSolutionNode = FALSE
	EndGlobalSection
	GlobalSection(ExtensibilityGlobals) = postSolution
		SolutionGuid = {239FCB1A-D222-4929-A404-42ADD1F41241}
	EndGlobalSection
EndGlobal
